
Microsoft Visual Studio Solution File, Format Version 12.00
# Visual Studio Version 17
VisualStudioVersion = 17.8.34322.80
MinimumVisualStudioVersion = 10.0.40219.1
Project("{FAE04EC0-301F-11D3-BF4B-00C04F79EFBC}") = "VitaPetBackend", "VitaPetBackend\VitaPetBackend.csproj", "{D91508E6-98F9-43D3-A611-FEEF70EB1F2E}"
EndProject
Global
	GlobalSection(SolutionConfigurationPlatforms) = preSolution
		Debug|Any CPU = Debug|Any CPU
		Release|Any CPU = Release|Any CPU
	EndGlobalSection
	GlobalSection(ProjectConfigurationPlatforms) = postSolution
		{D91508E6-98F9-43D3-A611-FEEF70EB1F2E}.Debug|Any CPU.ActiveCfg = Debug|Any CPU
		{D91508E6-98F9-43D3-A611-FEEF70EB1F2E}.Debug|Any CPU.Build.0 = Debug|Any CPU
		{D91508E6-98F9-43D3-A611-FEEF70EB1F2E}.Release|Any CPU.ActiveCfg = Release|Any CPU
		{D91508E6-98F9-43D3-A611-FEEF70EB1F2E}.Release|Any CPU.Build.0 = Release|Any CPU
	EndGlobalSection
	GlobalSection(SolutionProperties) = preSolution
		HideSolutionNode = FALSE
	EndGlobalSection
	GlobalSection(ExtensibilityGlobals) = postSolution
		SolutionGuid = {B262D6F3-8DC0-4989-929F-3E1669549C8E}
	EndGlobalSection
EndGlobal
